
Microsoft Visual Studio Solution File, Format Version 12.00
# Visual Studio 2012
Project("{FAE04EC0-301F-11D3-BF4B-00C04F79EFBC}") = "QueryDemo", "QueryDemo\QueryDemo.csproj", "{D98F0F94-1013-431D-8CD8-4F7596AA7278}"
EndProject
Global
	GlobalSection(SolutionConfigurationPlatforms) = preSolution
		Debug|Any CPU = Debug|Any CPU
		Release|Any CPU = Release|Any CPU
	EndGlobalSection
	GlobalSection(ProjectConfigurationPlatforms) = postSolution
		{D98F0F94-1013-431D-8CD8-4F7596AA7278}.Debug|Any CPU.ActiveCfg = Debug|Any CPU
		{D98F0F94-1013-431D-8CD8-4F7596AA7278}.Debug|Any CPU.Build.0 = Debug|Any CPU
		{D98F0F94-1013-431D-8CD8-4F7596AA7278}.Release|Any CPU.ActiveCfg = Release|Any CPU
		{D98F0F94-1013-431D-8CD8-4F7596AA7278}.Release|Any CPU.Build.0 = Release|Any CPU
	EndGlobalSection
	GlobalSection(SolutionProperties) = preSolution
		HideSolutionNode = FALSE
	EndGlobalSection
EndGlobal
